# This file is autogenerated, do not edit; changes may be undone by the next 'dep ensure'.


[[projects]]
  branch = "master"
  digest = "1:3bb776eb7c753cf35b569cace9324a6072e379001d76f0e8121f2d0f91c96e94"
  name = "github.com/bitrise-io/go-utils"
  packages = [
    "colorstring",
    "log",
  ]
  pruneopts = "UT"
  revision = "2a09aab8380d7842750328aebd5671bcccea89c8"

[solve-meta]
  analyzer-name = "dep"
  analyzer-version = 1
  input-imports = ["github.com/bitrise-io/go-utils/log"]
  solver-name = "gps-cdcl"
  solver-version = 1
